github.com/MeKo-Christian/algo-fft v0.4.2 h1:EQavjE5iUMycv0rwzyBWAGtJ0g3rh+EW4lmtKVoetqk=
github.com/MeKo-Christian/algo-fft v0.4.2/go.mod h1:kOyncsY00JWPZZrmtRo4+1AckmOzvVhTqvQP7CE1ylI=
golang.org/x/sys v0.39.0 h1:CvCKL8MeisomCi6qNZ+wbb0DN9E5AATixKsvNtMoMFk=
golang.org/x/sys v0.39.0/go.mod h1:OgkHotnGiDImocRcuBABYBEXf8A9a87e/uXjp9XT3ks=
